
Microsoft Visual Studio Solution File, Format Version 12.00
# Visual Studio 15
VisualStudioVersion = 15.0.28307.329
MinimumVisualStudioVersion = 10.0.40219.1
Project("{FAE04EC0-301F-11D3-BF4B-00C04F79EFBC}") = "GUI", "GUI\GUI.csproj", "{3418D619-239A-4668-8625-233B707DD647}"
EndProject
Project("{FAE04EC0-301F-11D3-BF4B-00C04F79EFBC}") = "BLL", "BLL\BLL.csproj", "{9B1079EF-DE79-4CB1-9686-85F6AB7A524C}"
EndProject
Project("{FAE04EC0-301F-11D3-BF4B-00C04F79EFBC}") = "DTO", "DTO\DTO.csproj", "{7F9261A4-B247-4F6D-B323-1A2A84F3C077}"
EndProject
Project("{FAE04EC0-301F-11D3-BF4B-00C04F79EFBC}") = "DAL", "DAL\DAL.csproj", "{A55FBA4C-2F56-460B-AFE8-EA941CA54FBC}"
EndProject
Global
	GlobalSection(SolutionConfigurationPlatforms) = preSolution
		Debug|Any CPU = Debug|Any CPU
		Release|Any CPU = Release|Any CPU
	EndGlobalSection
	GlobalSection(ProjectConfigurationPlatforms) = postSolution
		{3418D619-239A-4668-8625-233B707DD647}.Debug|Any CPU.ActiveCfg = Debug|Any CPU
		{3418D619-239A-4668-8625-233B707DD647}.Debug|Any CPU.Build.0 = Debug|Any CPU
		{3418D619-239A-4668-8625-233B707DD647}.Release|Any CPU.ActiveCfg = Release|Any CPU
		{3418D619-239A-4668-8625-233B707DD647}.Release|Any CPU.Build.0 = Release|Any CPU
		{9B1079EF-DE79-4CB1-9686-85F6AB7A524C}.Debug|Any CPU.ActiveCfg = Debug|Any CPU
		{9B1079EF-DE79-4CB1-9686-85F6AB7A524C}.Debug|Any CPU.Build.0 = Debug|Any CPU
		{9B1079EF-DE79-4CB1-9686-85F6AB7A524C}.Release|Any CPU.ActiveCfg = Release|Any CPU
		{9B1079EF-DE79-4CB1-9686-85F6AB7A524C}.Release|Any CPU.Build.0 = Release|Any CPU
		{7F9261A4-B247-4F6D-B323-1A2A84F3C077}.Debug|Any CPU.ActiveCfg = Debug|Any CPU
		{7F9261A4-B247-4F6D-B323-1A2A84F3C077}.Debug|Any CPU.Build.0 = Debug|Any CPU
		{7F9261A4-B247-4F6D-B323-1A2A84F3C077}.Release|Any CPU.ActiveCfg = Release|Any CPU
		{7F9261A4-B247-4F6D-B323-1A2A84F3C077}.Release|Any CPU.Build.0 = Release|Any CPU
		{A55FBA4C-2F56-460B-AFE8-EA941CA54FBC}.Debug|Any CPU.ActiveCfg = Debug|Any CPU
		{A55FBA4C-2F56-460B-AFE8-EA941CA54FBC}.Debug|Any CPU.Build.0 = Debug|Any CPU
		{A55FBA4C-2F56-460B-AFE8-EA941CA54FBC}.Release|Any CPU.ActiveCfg = Release|Any CPU
		{A55FBA4C-2F56-460B-AFE8-EA941CA54FBC}.Release|Any CPU.Build.0 = Release|Any CPU
	EndGlobalSection
	GlobalSection(SolutionProperties) = preSolution
		HideSolutionNode = FALSE
	EndGlobalSection
	GlobalSection(ExtensibilityGlobals) = postSolution
		SolutionGuid = {1D2C1036-BA6B-4174-A2B9-F64080126D45}
	EndGlobalSection
	GlobalSection(NDepend) = preSolution
		Project = ".\DB_Extern.ndproj"
	EndGlobalSection
EndGlobal
